
Microsoft Visual Studio Solution File, Format Version 12.00
# Visual Studio Version 17
VisualStudioVersion = 17.4.33110.190
MinimumVisualStudioVersion = 10.0.40219.1
Project("{FAE04EC0-301F-11D3-BF4B-00C04F79EFBC}") = "Wpf cinema project", "Wpf cinema project\Wpf cinema project.csproj", "{543A98B0-1ADA-42D2-BF5B-18500FC97C0C}"
EndProject
Global
	GlobalSection(SolutionConfigurationPlatforms) = preSolution
		Debug|Any CPU = Debug|Any CPU
		Release|Any CPU = Release|Any CPU
	EndGlobalSection
	GlobalSection(ProjectConfigurationPlatforms) = postSolution
		{543A98B0-1ADA-42D2-BF5B-18500FC97C0C}.Debug|Any CPU.ActiveCfg = Debug|Any CPU
		{543A98B0-1ADA-42D2-BF5B-18500FC97C0C}.Debug|Any CPU.Build.0 = Debug|Any CPU
		{543A98B0-1ADA-42D2-BF5B-18500FC97C0C}.Release|Any CPU.ActiveCfg = Release|Any CPU
		{543A98B0-1ADA-42D2-BF5B-18500FC97C0C}.Release|Any CPU.Build.0 = Release|Any CPU
	EndGlobalSection
	GlobalSection(SolutionProperties) = preSolution
		HideSolutionNode = FALSE
	EndGlobalSection
	GlobalSection(ExtensibilityGlobals) = postSolution
		SolutionGuid = {E57438D6-BBC9-4AD8-958F-536B261CC6BC}
	EndGlobalSection
EndGlobal
